
Microsoft Visual Studio Solution File, Format Version 12.00
# Visual Studio Version 17
VisualStudioVersion = 17.9.34622.214
MinimumVisualStudioVersion = 10.0.40219.1
Project("{FAE04EC0-301F-11D3-BF4B-00C04F79EFBC}") = "CSharpDers", "CSharpDers\CSharpDers.csproj", "{FC2D6EDE-8FCC-4F96-992D-857ECC640A8D}"
EndProject
Global
	GlobalSection(SolutionConfigurationPlatforms) = preSolution
		Debug|Any CPU = Debug|Any CPU
		Release|Any CPU = Release|Any CPU
	EndGlobalSection
	GlobalSection(ProjectConfigurationPlatforms) = postSolution
		{FC2D6EDE-8FCC-4F96-992D-857ECC640A8D}.Debug|Any CPU.ActiveCfg = Debug|Any CPU
		{FC2D6EDE-8FCC-4F96-992D-857ECC640A8D}.Debug|Any CPU.Build.0 = Debug|Any CPU
		{FC2D6EDE-8FCC-4F96-992D-857ECC640A8D}.Release|Any CPU.ActiveCfg = Release|Any CPU
		{FC2D6EDE-8FCC-4F96-992D-857ECC640A8D}.Release|Any CPU.Build.0 = Release|Any CPU
	EndGlobalSection
	GlobalSection(SolutionProperties) = preSolution
		HideSolutionNode = FALSE
	EndGlobalSection
	GlobalSection(ExtensibilityGlobals) = postSolution
		SolutionGuid = {425E2592-3046-42DE-B379-53853DB4AAEB}
	EndGlobalSection
EndGlobal
